[[package]]
category = "main"
description = "A database migration tool for SQLAlchemy."
name = "alembic"
optional = false
python-versions = ">=2.7, !=3.0.*, !=3.1.*, !=3.2.*, !=3.3.*"
version = "1.0.10"

[package.dependencies]
Mako = "*"
SQLAlchemy = ">=0.9.0"
python-dateutil = "*"
python-editor = ">=0.3"

[[package]]
category = "dev"
description = "A small Python module for determining appropriate platform-specific dirs, e.g. a \"user data dir\"."
name = "appdirs"
optional = false
python-versions = "*"
version = "1.4.3"

[[package]]
category = "dev"
description = "Classes Without Boilerplate"
name = "attrs"
optional = false
python-versions = ">=2.7, !=3.0.*, !=3.1.*, !=3.2.*, !=3.3.*"
version = "19.1.0"

[[package]]
category = "dev"
description = "The uncompromising code formatter."
name = "black"
optional = false
python-versions = ">=3.6"
version = "19.3b0"

[package.dependencies]
appdirs = "*"
attrs = ">=18.1.0"
click = ">=6.5"
toml = ">=0.9.4"

[[package]]
category = "main"
description = "Python package for providing Mozilla's CA Bundle."
name = "certifi"
optional = false
python-versions = "*"
version = "2019.3.9"

[[package]]
category = "main"
description = "Universal encoding detector for Python 2 and 3"
name = "chardet"
optional = false
python-versions = "*"
version = "3.0.4"

[[package]]
category = "main"
description = "Composable command line interface toolkit"
name = "click"
optional = false
python-versions = ">=2.7, !=3.0.*, !=3.1.*, !=3.2.*, !=3.3.*"
version = "7.0"

[[package]]
category = "main"
description = "Extended pickling support for Python objects"
name = "cloudpickle"
optional = false
python-versions = "*"
version = "1.2.1"

[[package]]
category = "main"
description = "Updated configparser from Python 3.7 for Python 2.6+."
name = "configparser"
optional = false
python-versions = ">=2.6"
version = "3.7.4"

[[package]]
category = "main"
description = "A command line interface for Databricks"
name = "databricks-cli"
optional = false
python-versions = "*"
version = "0.8.7"

[package.dependencies]
click = ">=6.7"
configparser = ">=0.3.5"
requests = ">=2.17.3"
six = ">=1.10.0"
tabulate = ">=0.7.7"

[[package]]
category = "main"
description = "A Python library for the Docker Engine API."
name = "docker"
optional = false
python-versions = ">=2.7, !=3.0.*, !=3.1.*, !=3.2.*, !=3.3.*, !=3.4.*"
version = "4.0.2"

[package.dependencies]
requests = ">=2.14.2,<2.18.0 || >2.18.0"
six = ">=1.4.0"
websocket-client = ">=0.32.0"

[package.dependencies.pypiwin32]
python = ">=3.6"
version = "223"

[[package]]
category = "main"
description = "Discover and load entry points from installed packages."
name = "entrypoints"
optional = false
python-versions = ">=2.7"
version = "0.3"

[[package]]
category = "dev"
description = "the modular source code checker: pep8, pyflakes and co"
name = "flake8"
optional = false
python-versions = ">=2.7, !=3.0.*, !=3.1.*, !=3.2.*, !=3.3.*"
version = "3.7.7"

[package.dependencies]
entrypoints = ">=0.3.0,<0.4.0"
mccabe = ">=0.6.0,<0.7.0"
pycodestyle = ">=2.5.0,<2.6.0"
pyflakes = ">=2.1.0,<2.2.0"

[[package]]
category = "main"
description = "A simple framework for building complex web applications."
name = "flask"
optional = false
python-versions = "*"
version = "1.0.3"

[package.dependencies]
Jinja2 = ">=2.10"
Werkzeug = ">=0.14"
click = ">=5.1"
itsdangerous = ">=0.24"

[[package]]
category = "main"
description = "Git Object Database"
name = "gitdb2"
optional = false
python-versions = ">=2.7, !=3.0.*, !=3.1.*, !=3.2.*, !=3.3.*"
version = "2.0.5"

[package.dependencies]
smmap2 = ">=2.0.0"

[[package]]
category = "main"
description = "Python Git Library"
name = "gitpython"
optional = false
python-versions = ">=2.7, !=3.0.*, !=3.1.*, !=3.2.*, !=3.3.*"
version = "2.1.11"

[package.dependencies]
gitdb2 = ">=2.0.0"

[[package]]
category = "main"
description = "WSGI HTTP Server for UNIX"
name = "gunicorn"
optional = false
python-versions = ">=2.6, !=3.0.*, !=3.1.*"
version = "19.9.0"

[[package]]
category = "main"
description = "Internationalized Domain Names in Applications (IDNA)"
name = "idna"
optional = false
python-versions = ">=2.7, !=3.0.*, !=3.1.*, !=3.2.*, !=3.3.*"
version = "2.8"

[[package]]
category = "main"
description = "Various helpers to pass data to untrusted environments and back."
name = "itsdangerous"
optional = false
python-versions = ">=2.7, !=3.0.*, !=3.1.*, !=3.2.*, !=3.3.*"
version = "1.1.0"

[[package]]
category = "main"
description = "A small but fast and easy to use stand-alone template engine written in pure python."
name = "jinja2"
optional = false
python-versions = "*"
version = "2.10.1"

[package.dependencies]
MarkupSafe = ">=0.23"

[[package]]
category = "main"
description = "A super-fast templating language that borrows the  best ideas from the existing templating languages."
name = "mako"
optional = false
python-versions = ">=2.6"
version = "1.0.12"

[package.dependencies]
MarkupSafe = ">=0.9.2"

[[package]]
category = "main"
description = "Safely add untrusted strings to HTML/XML markup."
name = "markupsafe"
optional = false
python-versions = ">=2.7,!=3.0.*,!=3.1.*,!=3.2.*,!=3.3.*"
version = "1.1.1"

[[package]]
category = "dev"
description = "McCabe checker, plugin for flake8"
name = "mccabe"
optional = false
python-versions = "*"
version = "0.6.1"

[[package]]
category = "main"
description = "MLflow: An ML Workflow Tool"
name = "mlflow"
optional = false
python-versions = "*"
version = "1.0.0"

[package.dependencies]
Flask = "*"
alembic = "*"
click = ">=7.0"
cloudpickle = "*"
databricks-cli = ">=0.8.0"
docker = ">=3.6.0"
entrypoints = "*"
gitpython = ">=2.1.0"
gunicorn = "*"
numpy = "*"
pandas = "*"
protobuf = ">=3.6.0"
python-dateutil = "*"
pyyaml = "*"
querystring-parser = "*"
requests = ">=2.17.3"
simplejson = "*"
six = ">=1.10.0"
sqlalchemy = "*"
sqlparse = "*"

[[package]]
category = "main"
description = "NumPy is the fundamental package for array computing with Python."
name = "numpy"
optional = false
python-versions = ">=2.7,!=3.0.*,!=3.1.*,!=3.2.*,!=3.3.*"
version = "1.16.4"

[[package]]
category = "main"
description = "Powerful data structures for data analysis, time series, and statistics"
name = "pandas"
optional = false
python-versions = ">=2.7,!=3.0.*,!=3.1.*,!=3.2.*,!=3.3.*,!=3.4.*"
version = "0.24.2"

[package.dependencies]
numpy = ">=1.12.0"
python-dateutil = ">=2.5.0"
pytz = ">=2011k"

[[package]]
category = "main"
description = "Protocol Buffers"
name = "protobuf"
optional = false
python-versions = "*"
version = "3.8.0"

[package.dependencies]
setuptools = "*"
six = ">=1.9"

[[package]]
category = "dev"
description = "Python style guide checker"
name = "pycodestyle"
optional = false
python-versions = ">=2.7, !=3.0.*, !=3.1.*, !=3.2.*, !=3.3.*"
version = "2.5.0"

[[package]]
category = "dev"
description = "passive checker of Python programs"
name = "pyflakes"
optional = false
python-versions = ">=2.7, !=3.0.*, !=3.1.*, !=3.2.*, !=3.3.*"
version = "2.1.1"

[[package]]
category = "main"
description = ""
marker = "sys_platform == \"win32\" and python_version >= \"3.6\""
name = "pypiwin32"
optional = false
python-versions = "*"
version = "223"

[package.dependencies]
pywin32 = ">=223"

[[package]]
category = "main"
description = "Extensions to the standard Python datetime module"
name = "python-dateutil"
optional = false
python-versions = ">=2.7, !=3.0.*, !=3.1.*, !=3.2.*"
version = "2.8.0"

[package.dependencies]
six = ">=1.5"

[[package]]
category = "main"
description = "Programmatically open an editor, capture the result."
name = "python-editor"
optional = false
python-versions = "*"
version = "1.0.4"

[[package]]
category = "main"
description = "World timezone definitions, modern and historical"
name = "pytz"
optional = false
python-versions = "*"
version = "2019.1"

[[package]]
category = "main"
description = "Python for Window Extensions"
marker = "sys_platform == \"win32\" and python_version >= \"3.6\""
name = "pywin32"
optional = false
python-versions = "*"
version = "224"

[[package]]
category = "main"
description = "YAML parser and emitter for Python"
name = "pyyaml"
optional = false
python-versions = ">=2.7, !=3.0.*, !=3.1.*, !=3.2.*, !=3.3.*"
version = "5.1.1"

[[package]]
category = "main"
description = "QueryString parser for Python/Django that correctly handles nested dictionaries"
name = "querystring-parser"
optional = false
python-versions = "*"
version = "1.2.3"

[package.dependencies]
requests = "*"

[[package]]
category = "main"
description = "Python HTTP for Humans."
name = "requests"
optional = false
python-versions = ">=2.7, !=3.0.*, !=3.1.*, !=3.2.*, !=3.3.*, !=3.4.*"
version = "2.22.0"

[package.dependencies]
certifi = ">=2017.4.17"
chardet = ">=3.0.2,<3.1.0"
idna = ">=2.5,<2.9"
urllib3 = ">=1.21.1,<1.25.0 || >1.25.0,<1.25.1 || >1.25.1,<1.26"

[[package]]
category = "main"
description = "Simple, fast, extensible JSON encoder/decoder for Python"
name = "simplejson"
optional = false
python-versions = ">=2.5, !=3.0.*, !=3.1.*, !=3.2.*"
version = "3.16.0"

[[package]]
category = "main"
description = "Python 2 and 3 compatibility utilities"
name = "six"
optional = false
python-versions = ">=2.6, !=3.0.*, !=3.1.*"
version = "1.12.0"

[[package]]
category = "main"
description = "A pure Python implementation of a sliding window memory map manager"
name = "smmap2"
optional = false
python-versions = ">=2.7, !=3.0.*, !=3.1.*, !=3.2.*, !=3.3.*"
version = "2.0.5"

[[package]]
category = "main"
description = "Database Abstraction Library"
name = "sqlalchemy"
optional = false
python-versions = ">=2.7, !=3.0.*, !=3.1.*, !=3.2.*, !=3.3.*"
version = "1.3.5"

[[package]]
category = "main"
description = "Non-validating SQL parser"
name = "sqlparse"
optional = false
python-versions = ">=2.7, !=3.0.*, !=3.1.*, !=3.2.*, !=3.3.*"
version = "0.3.0"

[[package]]
category = "main"
description = "Pretty-print tabular data"
name = "tabulate"
optional = false
python-versions = "*"
version = "0.8.3"

[[package]]
category = "dev"
description = "Python Library for Tom's Obvious, Minimal Language"
name = "toml"
optional = false
python-versions = "*"
version = "0.10.0"

[[package]]
category = "main"
description = "HTTP library with thread-safe connection pooling, file post, and more."
name = "urllib3"
optional = false
python-versions = ">=2.7, !=3.0.*, !=3.1.*, !=3.2.*, !=3.3.*, <4"
version = "1.25.3"

[[package]]
category = "main"
description = "WebSocket client for Python. hybi13 is supported."
name = "websocket-client"
optional = false
python-versions = ">=2.6, !=3.0.*, !=3.1.*, !=3.2.*, !=3.3.*"
version = "0.56.0"

[package.dependencies]
six = "*"

[[package]]
category = "main"
description = "The comprehensive WSGI web application library."
name = "werkzeug"
optional = false
python-versions = ">=2.7, !=3.0.*, !=3.1.*, !=3.2.*, !=3.3.*"
version = "0.15.4"

[metadata]
content-hash = "9e6e3f19b1421afbc7f9cc3b99bfa1fa6a18940b1b732823b3f0901af91e50da"
python-versions = "^3.7"

[metadata.hashes]
alembic = ["828dcaa922155a2b7166c4f36ec45268944e4055c86499bd14319b4c8c0094b7"]
appdirs = ["9e5896d1372858f8dd3344faf4e5014d21849c756c8d5701f78f8a103b372d92", "d8b24664561d0d34ddfaec54636d502d7cea6e29c3eaf68f3df6180863e2166e"]
attrs = ["69c0dbf2ed392de1cb5ec704444b08a5ef81680a61cb899dc08127123af36a79", "f0b870f674851ecbfbbbd364d6b5cbdff9dcedbc7f3f5e18a6891057f21fe399"]
black = ["09a9dcb7c46ed496a9850b76e4e825d6049ecd38b611f1224857a79bd985a8cf", "68950ffd4d9169716bcb8719a56c07a2f4485354fec061cdd5910aa07369731c"]
certifi = ["59b7658e26ca9c7339e00f8f4636cdfe59d34fa37b9b04f6f9e9926b3cece1a5", "b26104d6835d1f5e49452a26eb2ff87fe7090b89dfcaee5ea2212697e1e1d7ae"]
chardet = ["84ab92ed1c4d4f16916e05906b6b75a6c0fb5db821cc65e70cbd64a3e2a5eaae", "fc323ffcaeaed0e0a02bf4d117757b98aed530d9ed4531e3e15460124c106691"]
click = ["2335065e6395b9e67ca716de5f7526736bfa6ceead690adf616d925bdc622b13", "5b94b49521f6456670fdb30cd82a4eca9412788a93fa6dd6df72c94d5a8ff2d7"]
cloudpickle = ["603244e0f552b72a267d47a7d9b347b27a3430f58a0536037a290e7e0e212ecf", "b8ba7e322f2394b9bbbdc1c976e6442c2c02acc784cb9e553cee9186166a6890"]
configparser = ["8be81d89d6e7b4c0d4e44bcc525845f6da25821de80cb5e06e7e0238a2899e32", "da60d0014fd8c55eb48c1c5354352e363e2d30bbf7057e5e171a468390184c75"]
databricks-cli = ["1935207354f548d0e28a1bde4998310b5606b75f23e114de37f40c97b98fac91", "8b3d75feb191f6aace610a5d0e43441ab19a4812a23fbdd367162cababa446b5"]
docker = ["acf51b5e3e0d056925c3b780067a6f753c915fffaa46c5f2d79eb0fc1cbe6a01", "cc5b2e94af6a2b1e1ed9d7dcbdc77eff56c36081757baf9ada6e878ea0213164"]
entrypoints = ["589f874b313739ad35be6e0cd7efde2a4e9b6fea91edcc34e58ecbb8dbe56d19", "c70dd71abe5a8c85e55e12c19bd91ccfeec11a6e99044204511f9ed547d48451"]
flake8 = ["859996073f341f2670741b51ec1e67a01da142831aa1fdc6242dbf88dffbe661", "a796a115208f5c03b18f332f7c11729812c8c3ded6c46319c59b53efd3819da8"]
flask = ["ad7c6d841e64296b962296c2c2dabc6543752985727af86a975072dea984b6f3", "e7d32475d1de5facaa55e3958bc4ec66d3762076b074296aa50ef8fdc5b9df61"]
gitdb2 = ["83361131a1836661a155172932a13c08bda2db3674e4caa32368aa6eb02f38c2", "e3a0141c5f2a3f635c7209d56c496ebe1ad35da82fe4d3ec4aaa36278d70648a"]
gitpython = ["563221e5a44369c6b79172f455584c9ebbb122a13368cc82cb4b5addff788f82", "8237dc5bfd6f1366abeee5624111b9d6879393d84745a507de0fda86043b65a8"]
gunicorn = ["aa8e0b40b4157b36a5df5e599f45c9c76d6af43845ba3b3b0efe2c70473c2471", "fa2662097c66f920f53f70621c6c58ca4a3c4d3434205e608e121b5b3b71f4f3"]
idna = ["c357b3f628cf53ae2c4c05627ecc484553142ca23264e593d327bcde5e9c3407", "ea8b7f6188e6fa117537c3df7da9fc686d485087abf6ac197f9c46432f7e4a3c"]
itsdangerous = ["321b033d07f2a4136d3ec762eac9f16a10ccd60f53c0c91af90217ace7ba1f19", "b12271b2047cb23eeb98c8b5622e2e5c5e9abd9784a153e9d8ef9cb4dd09d749"]
jinja2 = ["065c4f02ebe7f7cf559e49ee5a95fb800a9e4528727aec6f24402a5374c65013", "14dd6caf1527abb21f08f86c784eac40853ba93edb79552aa1e4b8aef1b61c7b"]
mako = ["0cfa65de3a835e87eeca6ac856b3013aade55f49e32515f65d999f91a2324162"]
markupsafe = ["00bc623926325b26bb9605ae9eae8a215691f33cae5df11ca5424f06f2d1f473", "09027a7803a62ca78792ad89403b1b7a73a01c8cb65909cd876f7fcebd79b161", "09c4b7f37d6c648cb13f9230d847adf22f8171b1ccc4d5682398e77f40309235", "1027c282dad077d0bae18be6794e6b6b8c91d58ed8a8d89a89d59693b9131db5", "24982cc2533820871eba85ba648cd53d8623687ff11cbb805be4ff7b4c971aff", "29872e92839765e546828bb7754a68c418d927cd064fd4708fab9fe9c8bb116b", "43a55c2930bbc139570ac2452adf3d70cdbb3cfe5912c71cdce1c2c6bbd9c5d1", "46c99d2de99945ec5cb54f23c8cd5689f6d7177305ebff350a58ce5f8de1669e", "500d4957e52ddc3351cabf489e79c91c17f6e0899158447047588650b5e69183", "535f6fc4d397c1563d08b88e485c3496cf5784e927af890fb3c3aac7f933ec66", "62fe6c95e3ec8a7fad637b7f3d372c15ec1caa01ab47926cfdf7a75b40e0eac1", "6dd73240d2af64df90aa7c4e7481e23825ea70af4b4922f8ede5b9e35f78a3b1", "717ba8fe3ae9cc0006d7c451f0bb265ee07739daf76355d06366154ee68d221e", "79855e1c5b8da654cf486b830bd42c06e8780cea587384cf6545b7d9ac013a0b", "7c1699dfe0cf8ff607dbdcc1e9b9af1755371f92a68f706051cc8c37d447c905", "88e5fcfb52ee7b911e8bb6d6aa2fd21fbecc674eadd44118a9cc3863f938e735", "8defac2f2ccd6805ebf65f5eeb132adcf2ab57aa11fdf4c0dd5169a004710e7d", "98c7086708b163d425c67c7a91bad6e466bb99d797aa64f965e9d25c12111a5e", "9add70b36c5666a2ed02b43b335fe19002ee5235efd4b8a89bfcf9005bebac0d", "9bf40443012702a1d2070043cb6291650a0841ece432556f784f004937f0f32c", "ade5e387d2ad0d7ebf59146cc00c8044acbd863725f887353a10df825fc8ae21", "b00c1de48212e4cc9603895652c5c410df699856a2853135b3967591e4beebc2", "b1282f8c00509d99fef04d8ba936b156d419be841854fe901d8ae224c59f0be5", "b2051432115498d3562c084a49bba65d97cf251f5a331c64a12ee7e04dacc51b", "ba59edeaa2fc6114428f1637ffff42da1e311e29382d81b339c1817d37ec93c6", "c8716a48d94b06bb3b2524c2b77e055fb313aeb4ea620c8dd03a105574ba704f", "cd5df75523866410809ca100dc9681e301e3c27567cf498077e8551b6d20e42f", "e249096428b3ae81b08327a63a485ad0878de3fb939049038579ac0ef61e17e7"]
mccabe = ["ab8a6258860da4b6677da4bd2fe5dc2c659cff31b3ee4f7f5d64e79735b80d42", "dd8d182285a0fe56bace7f45b5e7d1a6ebcbf524e8f3bd87eb0f125271b8831f"]
mlflow = ["0f2f116a377b9da538642eaf688caa0a7166ee1ede30c8734830eb9e789574b4", "2c1d1c4e99793fee7c1c8b0e63f89784eb85840611088c2a34df03a549ce362d"]
numpy = ["0778076e764e146d3078b17c24c4d89e0ecd4ac5401beff8e1c87879043a0633", "141c7102f20abe6cf0d54c4ced8d565b86df4d3077ba2343b61a6db996cefec7", "14270a1ee8917d11e7753fb54fc7ffd1934f4d529235beec0b275e2ccf00333b", "27e11c7a8ec9d5838bc59f809bfa86efc8a4fd02e58960fa9c49d998e14332d5", "2a04dda79606f3d2f760384c38ccd3d5b9bb79d4c8126b67aff5eb09a253763e", "3c26010c1b51e1224a3ca6b8df807de6e95128b0908c7e34f190e7775455b0ca", "52c40f1a4262c896420c6ea1c6fda62cf67070e3947e3307f5562bd783a90336", "6e4f8d9e8aa79321657079b9ac03f3cf3fd067bf31c1cca4f56d49543f4356a5", "7242be12a58fec245ee9734e625964b97cf7e3f2f7d016603f9e56660ce479c7", "7dc253b542bfd4b4eb88d9dbae4ca079e7bf2e2afd819ee18891a43db66c60c7", "94f5bd885f67bbb25c82d80184abbf7ce4f6c3c3a41fbaa4182f034bba803e69", "a89e188daa119ffa0d03ce5123dee3f8ffd5115c896c2a9d4f0dbb3d8b95bfa3", "ad3399da9b0ca36e2f24de72f67ab2854a62e623274607e37e0ce5f5d5fa9166", "b0348be89275fd1d4c44ffa39530c41a21062f52299b1e3ee7d1c61f060044b8", "b5554368e4ede1856121b0dfa35ce71768102e4aa55e526cb8de7f374ff78722", "cbddc56b2502d3f87fda4f98d948eb5b11f36ff3902e17cb6cc44727f2200525", "d79f18f41751725c56eceab2a886f021d70fd70a6188fd386e29a045945ffc10", "dc2ca26a19ab32dc475dbad9dfe723d3a64c835f4c23f625c2b6566ca32b9f29", "dd9bcd4f294eb0633bb33d1a74febdd2b9018b8b8ed325f861fffcd2c7660bb8", "e8baab1bc7c9152715844f1faca6744f2416929de10d7639ed49555a85549f52", "ec31fe12668af687b99acf1567399632a7c47b0e17cfb9ae47c098644ef36797", "f12b4f7e2d8f9da3141564e6737d79016fe5336cc92de6814eba579744f65b0a", "f58ac38d5ca045a377b3b377c84df8175ab992c970a53332fa8ac2373df44ff7"]
pandas = ["071e42b89b57baa17031af8c6b6bbd2e9a5c68c595bc6bf9adabd7a9ed125d3b", "17450e25ae69e2e6b303817bdf26b2cd57f69595d8550a77c308be0cd0fd58fa", "17916d818592c9ec891cbef2e90f98cc85e0f1e89ed0924c9b5220dc3209c846", "2538f099ab0e9f9c9d09bbcd94b47fd889bad06dc7ae96b1ed583f1dc1a7a822", "366f30710172cb45a6b4f43b66c220653b1ea50303fbbd94e50571637ffb9167", "42e5ad741a0d09232efbc7fc648226ed93306551772fc8aecc6dce9f0e676794", "4e718e7f395ba5bfe8b6f6aaf2ff1c65a09bb77a36af6394621434e7cc813204", "4f919f409c433577a501e023943e582c57355d50a724c589e78bc1d551a535a2", "4fe0d7e6438212e839fc5010c78b822664f1a824c0d263fd858f44131d9166e2", "5149a6db3e74f23dc3f5a216c2c9ae2e12920aa2d4a5b77e44e5b804a5f93248", "627594338d6dd995cfc0bacd8e654cd9e1252d2a7c959449228df6740d737eb8", "83c702615052f2a0a7fb1dd289726e29ec87a27272d775cb77affe749cca28f8", "8c872f7fdf3018b7891e1e3e86c55b190e6c5cee70cab771e8f246c855001296", "90f116086063934afd51e61a802a943826d2aac572b2f7d55caaac51c13db5b5", "a3352bacac12e1fc646213b998bce586f965c9d431773d9e91db27c7c48a1f7d", "bcdd06007cca02d51350f96debe51331dec429ac8f93930a43eb8fb5639e3eb5", "c1bd07ebc15285535f61ddd8c0c75d0d6293e80e1ee6d9a8d73f3f36954342d0", "c9a4b7c55115eb278c19aa14b34fcf5920c8fe7797a09b7b053ddd6195ea89b3", "cc8fc0c7a8d5951dc738f1c1447f71c43734244453616f32b8aa0ef6013a5dfb", "d7b460bc316064540ce0c41c1438c416a40746fd8a4fb2999668bf18f3c4acf1"]
protobuf = ["03f43eac9d5b651f976e91cf46a25b75e5779d98f0f4114b0abfed83376d75f8", "0c94b21e6de01362f91a86b372555d22a60b59708599ca9d5032ae9fdf8e3538", "2d2a9f30f61f4063fadd7fb68a2510a6939b43c0d6ceeec5c4704f22225da28e", "34a0b05fca061e4abb77dd180209f68d8637115ff319f51e28a6a9382d69853a", "358710fd0db25372edcf1150fa691f48376a134a6c69ce29f38f185eea7699e6", "3761ab21883f1d3add8643413b326a0026776879b13ecf904e1e05fe18532c03", "41e47198b94c27ba05a08b4a95160656105745c462af574e4bcb0807164065c0", "8c61cc8a76e9d381c665aecc5105fa0f1878cf7db8b5cd17202603bcb386d0fc", "a6eebc4db759e58fdac02efcd3028b811effac881d8a5bad1996e4e8ee6acb47", "a9c12f7c98093da0a46ba76ec40ace725daa1ac4038c41e4b1466afb5c45bb01", "cb95068492ba0859b8c9e61fa8ba206a83c64e5d0916fb4543700b2e2b214115", "cd98476ce7bb4dcd6a7b101f5eecdc073dafea19f311e36eb8fba1a349346277", "ce64cfbea18c535176bdaa10ba740c0fc4c6d998a3f511c17bedb0ae4b3b167c", "dcbb59eac73fd454e8f2c5fba9e3d3320fd4707ed6a9d3ea3717924a6f0903ea", "dd67f34458ae716029e2a71ede998e9092493b62a519236ca52e3c5202096c87", "e3c96056eb5b7284a20e256cb0bf783c8f36ad82a4ae5434a7b7cd02384144a7", "f612d584d7a27e2f39e7b17878430a959c1bc09a74ba09db096b468558e5e126", "f6de8a7d6122297b81566e5bd4df37fd5d62bec14f8f90ebff8ede1c9726cd0a", "fa529d9261682b24c2aaa683667253175c9acebe0a31105394b221090da75832"]
pycodestyle = ["95a2219d12372f05704562a14ec30bc76b05a5b297b21a5dfe3f6fac3491ae56", "e40a936c9a450ad81df37f549d676d127b1b66000a6c500caa2b085bc0ca976c"]
pyflakes = ["17dbeb2e3f4d772725c777fabc446d5634d1038f234e77343108ce445ea69ce0", "d976835886f8c5b31d47970ed689944a0262b5f3afa00a5a7b4dc81e5449f8a2"]
pypiwin32 = ["67adf399debc1d5d14dffc1ab5acacb800da569754fafdc576b2a039485aa775", "71be40c1fbd28594214ecaecb58e7aa8b708eabfa0125c8a109ebd51edbd776a"]
python-dateutil = ["7e6584c74aeed623791615e26efd690f29817a27c73085b78e4bad02493df2fb", "c89805f6f4d64db21ed966fda138f8a5ed7a4fdbc1a8ee329ce1b74e3c74da9e"]
python-editor = ["1bf6e860a8ad52a14c3ee1252d5dc25b2030618ed80c022598f00176adc8367d", "51fda6bcc5ddbbb7063b2af7509e43bd84bfc32a4ff71349ec7847713882327b", "5f98b069316ea1c2ed3f67e7f5df6c0d8f10b689964a4a811ff64f0106819ec8", "c3da2053dbab6b29c94e43c486ff67206eafbe7eb52dbec7390b5e2fb05aac77", "ea87e17f6ec459e780e4221f295411462e0d0810858e055fc514684350a2f522"]
pytz = ["303879e36b721603cc54604edcac9d20401bdbe31e1e4fdee5b9f98d5d31dfda", "d747dd3d23d77ef44c6a3526e274af6efeb0a6f1afd5a69ba4d5be4098c8e141"]
pywin32 = ["22e218832a54ed206452c8f3ca9eff07ef327f8e597569a4c2828be5eaa09a77", "32b37abafbfeddb0fe718008d6aada5a71efa2874f068bee1f9e703983dcc49a", "35451edb44162d2f603b5b18bd427bc88fcbc74849eaa7a7e7cfe0f507e5c0c8", "4eda2e1e50faa706ff8226195b84fbcbd542b08c842a9b15e303589f85bfb41c", "5f265d72588806e134c8e1ede8561739071626ea4cc25c12d526aa7b82416ae5", "6852ceac5fdd7a146b570655c37d9eacd520ed1eaeec051ff41c6fc94243d8bf", "6dbc4219fe45ece6a0cc6baafe0105604fdee551b5e876dc475d3955b77190ec", "9bd07746ce7f2198021a9fa187fa80df7b221ec5e4c234ab6f00ea355a3baf99"]
pyyaml = ["57acc1d8533cbe51f6662a55434f0dbecfa2b9eaf115bede8f6fd00115a0c0d3", "588c94b3d16b76cfed8e0be54932e5729cc185caffaa5a451e7ad2f7ed8b4043", "68c8dd247f29f9a0d09375c9c6b8fdc64b60810ebf07ba4cdd64ceee3a58c7b7", "70d9818f1c9cd5c48bb87804f2efc8692f1023dac7f1a1a5c61d454043c1d265", "86a93cccd50f8c125286e637328ff4eef108400dd7089b46a7be3445eecfa391", "a0f329125a926876f647c9fa0ef32801587a12328b4a3c741270464e3e4fa778", "a3c252ab0fa1bb0d5a3f6449a4826732f3eb6c0270925548cac342bc9b22c225", "b4bb4d3f5e232425e25dda21c070ce05168a786ac9eda43768ab7f3ac2770955", "cd0618c5ba5bda5f4039b9398bb7fb6a317bb8298218c3de25c47c4740e4b95e", "ceacb9e5f8474dcf45b940578591c7f3d960e82f926c707788a570b51ba59190", "fe6a88094b64132c4bb3b631412e90032e8cfe9745a58370462240b8cb7553cd"]
querystring-parser = ["4c31b547c77b927a8aceccd6fa37f8152aa92fe5654a43d7363fcee8cf6d8aea"]
requests = ["11e007a8a2aa0323f5a921e9e6a2d7e4e67d9877e85773fba9ba6419025cbeb4", "9cf5292fcd0f598c671cfc1e0d7d1a7f13bb8085e9a590f48c010551dc6c4b31"]
simplejson = ["067a7177ddfa32e1483ba5169ebea1bc2ea27f224853211ca669325648ca5642", "2b8cb601d9ba0381499db719ccc9dfbb2fbd16013f5ff096b1a68a4775576a04", "2c139daf167b96f21542248f8e0a06596c9b9a7a41c162cc5c9ee9f3833c93cd", "2fc546e6af49fb45b93bbe878dea4c48edc34083729c0abd09981fe55bdf7f91", "354fa32b02885e6dae925f1b5bbf842c333c1e11ea5453ddd67309dc31fdb40a", "37e685986cf6f8144607f90340cff72d36acf654f3653a6c47b84c5c38d00df7", "3af610ee72efbe644e19d5eaad575c73fb83026192114e5f6719f4901097fce2", "3b919fc9cf508f13b929a9b274c40786036b31ad28657819b3b9ba44ba651f50", "3dd289368bbd064974d9a5961101f080e939cbe051e6689a193c99fb6e9ac89b", "491de7acc423e871a814500eb2dcea8aa66c4a4b1b4825d18f756cdf58e370cb", "495511fe5f10ccf4e3ed4fc0c48318f533654db6c47ecbc970b4ed215c791968", "65b41a5cda006cfa7c66eabbcf96aa704a6be2a5856095b9e2fd8c293bad2b46", "6c3258ffff58712818a233b9737fe4be943d306c40cf63d14ddc82ba563f483a", "75e3f0b12c28945c08f54350d91e624f8dd580ab74fd4f1bbea54bc6b0165610", "79b129fe65fdf3765440f7a73edaffc89ae9e7885d4e2adafe6aa37913a00fbb", "b1f329139ba647a9548aa05fb95d046b4a677643070dc2afc05fa2e975d09ca5", "c206f47cbf9f32b573c9885f0ec813d2622976cf5effcf7e472344bc2e020ac1", "d8e238f20bcf70063ee8691d4a72162bcec1f4c38f83c93e6851e72ad545dabb", "ee9625fc8ee164902dfbb0ff932b26df112da9f871c32f0f9c1bcf20c350fe2a", "fb2530b53c28f0d4d84990e945c2ebb470edb469d63e389bf02ff409012fe7c5", "feadb95170e45f439455354904768608e356c5b174ca30b3d11b0e3f24b5c0df"]
six = ["3350809f0555b11f552448330d0b52d5f24c91a322ea4a15ef22629740f3761c", "d16a0141ec1a18405cd4ce8b4613101da75da0e9a7aec5bdd4fa804d0e0eba73"]
smmap2 = ["0555a7bf4df71d1ef4218e4807bbf9b201f910174e6e08af2e138d4e517b4dde", "29a9ffa0497e7f2be94ca0ed1ca1aa3cd4cf25a1f6b4f5f87f74b46ed91d609a"]
sqlalchemy = ["c30925d60af95443458ebd7525daf791f55762b106049ae71e18f8dd58084c2f"]
sqlparse = ["40afe6b8d4b1117e7dff5504d7a8ce07d9a1b15aeeade8a2d10f130a834f8177", "7c3dca29c022744e95b547e867cee89f4fce4373f3549ccd8797d8eb52cdb873"]
tabulate = ["8af07a39377cee1103a5c8b3330a421c2d99b9141e9cc5ddd2e3263fea416943"]
toml = ["229f81c57791a41d65e399fc06bf0848bab550a9dfd5ed66df18ce5f05e73d5c", "235682dd292d5899d361a811df37e04a8828a5b1da3115886b73cf81ebc9100e", "f1db651f9657708513243e61e6cc67d101a39bad662eaa9b5546f789338e07a3"]
urllib3 = ["b246607a25ac80bedac05c6f282e3cdaf3afb65420fd024ac94435cabe6e18d1", "dbe59173209418ae49d485b87d1681aefa36252ee85884c31346debd19463232"]
websocket-client = ["1151d5fb3a62dc129164292e1227655e4bbc5dd5340a5165dfae61128ec50aa9", "1fd5520878b68b84b5748bb30e592b10d0a91529d5383f74f4964e72b297fd3a"]
werkzeug = ["865856ebb55c4dcd0630cdd8f3331a1847a819dda7e8c750d3db6f2aa6c0209c", "a0b915f0815982fb2a09161cb8f31708052d0951c3ba433ccc5e1aa276507ca6"]
